
Microsoft Visual Studio Solution File, Format Version 12.00
# Visual Studio Version 16
VisualStudioVersion = 16.0.29512.175
MinimumVisualStudioVersion = 10.0.40219.1
Project("{FAE04EC0-301F-11D3-BF4B-00C04F79EFBC}") = "Fonderie.INPC.Generator", "Fonderie.INPC.Generator\Fonderie.INPC.Generator.csproj", "{9A5115CF-61D0-4C20-993A-01EAC1EB84FE}"
EndProject
Project("{FAE04EC0-301F-11D3-BF4B-00C04F79EFBC}") = "TestApp", "TestApp\TestApp.csproj", "{2E0C8264-611B-47D2-8C88-5EAFE34FF8C6}"
EndProject
Global
	GlobalSection(SolutionConfigurationPlatforms) = preSolution
		Debug|Any CPU = Debug|Any CPU
		Release|Any CPU = Release|Any CPU
	EndGlobalSection
	GlobalSection(ProjectConfigurationPlatforms) = postSolution
		{9A5115CF-61D0-4C20-993A-01EAC1EB84FE}.Debug|Any CPU.ActiveCfg = Debug|Any CPU
		{9A5115CF-61D0-4C20-993A-01EAC1EB84FE}.Debug|Any CPU.Build.0 = Debug|Any CPU
		{9A5115CF-61D0-4C20-993A-01EAC1EB84FE}.Release|Any CPU.ActiveCfg = Release|Any CPU
		{9A5115CF-61D0-4C20-993A-01EAC1EB84FE}.Release|Any CPU.Build.0 = Release|Any CPU
		{2E0C8264-611B-47D2-8C88-5EAFE34FF8C6}.Debug|Any CPU.ActiveCfg = Debug|Any CPU
		{2E0C8264-611B-47D2-8C88-5EAFE34FF8C6}.Debug|Any CPU.Build.0 = Debug|Any CPU
		{2E0C8264-611B-47D2-8C88-5EAFE34FF8C6}.Release|Any CPU.ActiveCfg = Release|Any CPU
		{2E0C8264-611B-47D2-8C88-5EAFE34FF8C6}.Release|Any CPU.Build.0 = Release|Any CPU
	EndGlobalSection
	GlobalSection(SolutionProperties) = preSolution
		HideSolutionNode = FALSE
	EndGlobalSection
	GlobalSection(ExtensibilityGlobals) = postSolution
		SolutionGuid = {2A58ADE2-8B84-4250-89CB-0AF72A492A20}
	EndGlobalSection
EndGlobal
